
Microsoft Visual Studio Solution File, Format Version 12.00
# Visual Studio Version 17
VisualStudioVersion = 17.12.35707.178
MinimumVisualStudioVersion = 10.0.40219.1
Project("{FAE04EC0-301F-11D3-BF4B-00C04F79EFBC}") = "Soup.Manga.Objects", "Soup.Manga.Objects\Soup.Manga.Objects.csproj", "{DD10901F-4EA2-4E36-82F2-8396838B73F0}"
EndProject
Project("{FAE04EC0-301F-11D3-BF4B-00C04F79EFBC}") = "Soup.Manga.Logic", "Soup.Manga.Logic\Soup.Manga.Logic.csproj", "{B1BBCF25-87E4-4763-A1FE-956CA3C4F90B}"
EndProject
Project("{FAE04EC0-301F-11D3-BF4B-00C04F79EFBC}") = "Soup.Manga.UI", "Soup.Manga.UI\Soup.Manga.UI.csproj", "{897ACF5A-800D-42A0-8844-B3B37A55B8A7}"
EndProject
Project("{FAE04EC0-301F-11D3-BF4B-00C04F79EFBC}") = "Soup.Manga.Blazor", "Soup.Manga.Blazor\Soup.Manga.Blazor.csproj", "{1CE8BCEA-93C2-4A6B-A3AD-50B1C203CD84}"
EndProject
Global
	GlobalSection(SolutionConfigurationPlatforms) = preSolution
		Debug|Any CPU = Debug|Any CPU
		Release|Any CPU = Release|Any CPU
	EndGlobalSection
	GlobalSection(ProjectConfigurationPlatforms) = postSolution
		{DD10901F-4EA2-4E36-82F2-8396838B73F0}.Debug|Any CPU.ActiveCfg = Debug|Any CPU
		{DD10901F-4EA2-4E36-82F2-8396838B73F0}.Debug|Any CPU.Build.0 = Debug|Any CPU
		{DD10901F-4EA2-4E36-82F2-8396838B73F0}.Release|Any CPU.ActiveCfg = Release|Any CPU
		{DD10901F-4EA2-4E36-82F2-8396838B73F0}.Release|Any CPU.Build.0 = Release|Any CPU
		{B1BBCF25-87E4-4763-A1FE-956CA3C4F90B}.Debug|Any CPU.ActiveCfg = Debug|Any CPU
		{B1BBCF25-87E4-4763-A1FE-956CA3C4F90B}.Debug|Any CPU.Build.0 = Debug|Any CPU
		{B1BBCF25-87E4-4763-A1FE-956CA3C4F90B}.Release|Any CPU.ActiveCfg = Release|Any CPU
		{B1BBCF25-87E4-4763-A1FE-956CA3C4F90B}.Release|Any CPU.Build.0 = Release|Any CPU
		{897ACF5A-800D-42A0-8844-B3B37A55B8A7}.Debug|Any CPU.ActiveCfg = Debug|Any CPU
		{897ACF5A-800D-42A0-8844-B3B37A55B8A7}.Debug|Any CPU.Build.0 = Debug|Any CPU
		{897ACF5A-800D-42A0-8844-B3B37A55B8A7}.Release|Any CPU.ActiveCfg = Release|Any CPU
		{897ACF5A-800D-42A0-8844-B3B37A55B8A7}.Release|Any CPU.Build.0 = Release|Any CPU
		{1CE8BCEA-93C2-4A6B-A3AD-50B1C203CD84}.Debug|Any CPU.ActiveCfg = Debug|Any CPU
		{1CE8BCEA-93C2-4A6B-A3AD-50B1C203CD84}.Debug|Any CPU.Build.0 = Debug|Any CPU
		{1CE8BCEA-93C2-4A6B-A3AD-50B1C203CD84}.Release|Any CPU.ActiveCfg = Release|Any CPU
		{1CE8BCEA-93C2-4A6B-A3AD-50B1C203CD84}.Release|Any CPU.Build.0 = Release|Any CPU
	EndGlobalSection
	GlobalSection(SolutionProperties) = preSolution
		HideSolutionNode = FALSE
	EndGlobalSection
EndGlobal
